
Microsoft Visual Studio Solution File, Format Version 12.00
# Visual Studio Version 16
VisualStudioVersion = 16.0.31424.327
MinimumVisualStudioVersion = 10.0.40219.1
Project("{FAE04EC0-301F-11D3-BF4B-00C04F79EFBC}") = "DikenComTr_Clone", "DikenComTr_Clone\DikenComTr_Clone.csproj", "{5318F25A-15CC-401C-B923-0F3166A8413C}"
EndProject
Global
	GlobalSection(SolutionConfigurationPlatforms) = preSolution
		Debug|Any CPU = Debug|Any CPU
		Release|Any CPU = Release|Any CPU
	EndGlobalSection
	GlobalSection(ProjectConfigurationPlatforms) = postSolution
		{5318F25A-15CC-401C-B923-0F3166A8413C}.Debug|Any CPU.ActiveCfg = Debug|Any CPU
		{5318F25A-15CC-401C-B923-0F3166A8413C}.Debug|Any CPU.Build.0 = Debug|Any CPU
		{5318F25A-15CC-401C-B923-0F3166A8413C}.Release|Any CPU.ActiveCfg = Release|Any CPU
		{5318F25A-15CC-401C-B923-0F3166A8413C}.Release|Any CPU.Build.0 = Release|Any CPU
	EndGlobalSection
	GlobalSection(SolutionProperties) = preSolution
		HideSolutionNode = FALSE
	EndGlobalSection
	GlobalSection(ExtensibilityGlobals) = postSolution
		SolutionGuid = {E35B6830-78E3-46A4-B73D-79612213639D}
	EndGlobalSection
EndGlobal
